
Microsoft Visual Studio Solution File, Format Version 12.00
# Visual Studio Version 16
VisualStudioVersion = 16.0.30320.27
MinimumVisualStudioVersion = 10.0.40219.1
Project("{FAE04EC0-301F-11D3-BF4B-00C04F79EFBC}") = "WindowsForms", "WindowsForms\WindowsForms.csproj", "{B3DB1C74-35F8-489B-B957-FFAC02CE1CA6}"
EndProject
Project("{FAE04EC0-301F-11D3-BF4B-00C04F79EFBC}") = "WPF", "WPF\WPF.csproj", "{943940A0-22DC-4773-9A68-471E3D886508}"
EndProject
Global
	GlobalSection(SolutionConfigurationPlatforms) = preSolution
		Debug|Any CPU = Debug|Any CPU
		Release|Any CPU = Release|Any CPU
	EndGlobalSection
	GlobalSection(ProjectConfigurationPlatforms) = postSolution
		{B3DB1C74-35F8-489B-B957-FFAC02CE1CA6}.Debug|Any CPU.ActiveCfg = Debug|Any CPU
		{B3DB1C74-35F8-489B-B957-FFAC02CE1CA6}.Debug|Any CPU.Build.0 = Debug|Any CPU
		{B3DB1C74-35F8-489B-B957-FFAC02CE1CA6}.Release|Any CPU.ActiveCfg = Release|Any CPU
		{B3DB1C74-35F8-489B-B957-FFAC02CE1CA6}.Release|Any CPU.Build.0 = Release|Any CPU
		{943940A0-22DC-4773-9A68-471E3D886508}.Debug|Any CPU.ActiveCfg = Debug|Any CPU
		{943940A0-22DC-4773-9A68-471E3D886508}.Debug|Any CPU.Build.0 = Debug|Any CPU
		{943940A0-22DC-4773-9A68-471E3D886508}.Release|Any CPU.ActiveCfg = Release|Any CPU
		{943940A0-22DC-4773-9A68-471E3D886508}.Release|Any CPU.Build.0 = Release|Any CPU
	EndGlobalSection
	GlobalSection(SolutionProperties) = preSolution
		HideSolutionNode = FALSE
	EndGlobalSection
	GlobalSection(ExtensibilityGlobals) = postSolution
		SolutionGuid = {49BFA003-C911-486C-A437-89FB52525E3E}
	EndGlobalSection
EndGlobal
